
Microsoft Visual Studio Solution File, Format Version 12.00
# Visual Studio Version 17
VisualStudioVersion = 17.10.35013.160
MinimumVisualStudioVersion = 10.0.40219.1
Project("{FAE04EC0-301F-11D3-BF4B-00C04F79EFBC}") = "BankingAppList", "BAnkingAppAdmin\BankingAppList.csproj", "{AF84453E-61BD-45E5-AA57-48368A0810D9}"
EndProject
Global
	GlobalSection(SolutionConfigurationPlatforms) = preSolution
		Debug|Any CPU = Debug|Any CPU
		Release|Any CPU = Release|Any CPU
	EndGlobalSection
	GlobalSection(ProjectConfigurationPlatforms) = postSolution
		{AF84453E-61BD-45E5-AA57-48368A0810D9}.Debug|Any CPU.ActiveCfg = Debug|Any CPU
		{AF84453E-61BD-45E5-AA57-48368A0810D9}.Debug|Any CPU.Build.0 = Debug|Any CPU
		{AF84453E-61BD-45E5-AA57-48368A0810D9}.Release|Any CPU.ActiveCfg = Release|Any CPU
		{AF84453E-61BD-45E5-AA57-48368A0810D9}.Release|Any CPU.Build.0 = Release|Any CPU
	EndGlobalSection
	GlobalSection(SolutionProperties) = preSolution
		HideSolutionNode = FALSE
	EndGlobalSection
	GlobalSection(ExtensibilityGlobals) = postSolution
		SolutionGuid = {AD75A51B-AF35-4A29-BA07-9C849AAA804E}
	EndGlobalSection
EndGlobal
